Microsoft Visual Studio Solution File, Format Version 12.00
# Visual Studio Version 17
VisualStudioVersion = 17.5.2.0
MinimumVisualStudioVersion = 10.0.40219.1
Project("{FAE04EC0-301F-11D3-BF4B-00C04F79EFBC}") = "Romanenko_FSE_lab11_2_a", "Romanenko_FSE_lab11_2_a.csproj", "{272A133F-6728-03FF-B5D0-2A91C9DBC4DE}"
EndProject
Global
	GlobalSection(SolutionConfigurationPlatforms) = preSolution
		Debug|Any CPU = Debug|Any CPU
		Release|Any CPU = Release|Any CPU
	EndGlobalSection
	GlobalSection(ProjectConfigurationPlatforms) = postSolution
		{272A133F-6728-03FF-B5D0-2A91C9DBC4DE}.Debug|Any CPU.ActiveCfg = Debug|Any CPU
		{272A133F-6728-03FF-B5D0-2A91C9DBC4DE}.Debug|Any CPU.Build.0 = Debug|Any CPU
		{272A133F-6728-03FF-B5D0-2A91C9DBC4DE}.Release|Any CPU.ActiveCfg = Release|Any CPU
		{272A133F-6728-03FF-B5D0-2A91C9DBC4DE}.Release|Any CPU.Build.0 = Release|Any CPU
	EndGlobalSection
	GlobalSection(SolutionProperties) = preSolution
		HideSolutionNode = FALSE
	EndGlobalSection
	GlobalSection(ExtensibilityGlobals) = postSolution
		SolutionGuid = {4D4E4FB7-B4F1-4C87-87E5-02EB05DF7962}
	EndGlobalSection
EndGlobal
